
Microsoft Visual Studio Solution File, Format Version 12.00
# Visual Studio Version 17
VisualStudioVersion = 17.3.32825.248
MinimumVisualStudioVersion = 10.0.40219.1
Project("{FAE04EC0-301F-11D3-BF4B-00C04F79EFBC}") = "NewsProject.DAL", "NewsProject.DAL\NewsProject.DAL.csproj", "{D745F4E2-EBC8-4144-B5C5-2CA700253EE4}"
EndProject
Project("{FAE04EC0-301F-11D3-BF4B-00C04F79EFBC}") = "NewsProject.Business", "NewsProject.Business\NewsProject.Business.csproj", "{21E2BC8F-3B21-4ED5-AA2F-4C8B9C25CFE4}"
EndProject
Project("{FAE04EC0-301F-11D3-BF4B-00C04F79EFBC}") = "NewsProject.Core", "NewsProject.Core\NewsProject.Core.csproj", "{610F2196-9FD2-4579-A4A7-7001D5ABD6BF}"
EndProject
Project("{FAE04EC0-301F-11D3-BF4B-00C04F79EFBC}") = "NewsProject.Entities", "NewsProject.Entities\NewsProject.Entities.csproj", "{4D69ABFD-2682-47E9-93B1-DD415D846A75}"
EndProject
Project("{FAE04EC0-301F-11D3-BF4B-00C04F79EFBC}") = "NewsProject.WebAPI", "NewsProject.WebAPI\NewsProject.WebAPI.csproj", "{DCFA87E3-65FC-414E-952B-2EE3E82F7622}"
EndProject
Global
	GlobalSection(SolutionConfigurationPlatforms) = preSolution
		Debug|Any CPU = Debug|Any CPU
		Release|Any CPU = Release|Any CPU
	EndGlobalSection
	GlobalSection(ProjectConfigurationPlatforms) = postSolution
		{D745F4E2-EBC8-4144-B5C5-2CA700253EE4}.Debug|Any CPU.ActiveCfg = Debug|Any CPU
		{D745F4E2-EBC8-4144-B5C5-2CA700253EE4}.Debug|Any CPU.Build.0 = Debug|Any CPU
		{D745F4E2-EBC8-4144-B5C5-2CA700253EE4}.Release|Any CPU.ActiveCfg = Release|Any CPU
		{D745F4E2-EBC8-4144-B5C5-2CA700253EE4}.Release|Any CPU.Build.0 = Release|Any CPU
		{21E2BC8F-3B21-4ED5-AA2F-4C8B9C25CFE4}.Debug|Any CPU.ActiveCfg = Debug|Any CPU
		{21E2BC8F-3B21-4ED5-AA2F-4C8B9C25CFE4}.Debug|Any CPU.Build.0 = Debug|Any CPU
		{21E2BC8F-3B21-4ED5-AA2F-4C8B9C25CFE4}.Release|Any CPU.ActiveCfg = Release|Any CPU
		{21E2BC8F-3B21-4ED5-AA2F-4C8B9C25CFE4}.Release|Any CPU.Build.0 = Release|Any CPU
		{610F2196-9FD2-4579-A4A7-7001D5ABD6BF}.Debug|Any CPU.ActiveCfg = Debug|Any CPU
		{610F2196-9FD2-4579-A4A7-7001D5ABD6BF}.Debug|Any CPU.Build.0 = Debug|Any CPU
		{610F2196-9FD2-4579-A4A7-7001D5ABD6BF}.Release|Any CPU.ActiveCfg = Release|Any CPU
		{610F2196-9FD2-4579-A4A7-7001D5ABD6BF}.Release|Any CPU.Build.0 = Release|Any CPU
		{4D69ABFD-2682-47E9-93B1-DD415D846A75}.Debug|Any CPU.ActiveCfg = Debug|Any CPU
		{4D69ABFD-2682-47E9-93B1-DD415D846A75}.Debug|Any CPU.Build.0 = Debug|Any CPU
		{4D69ABFD-2682-47E9-93B1-DD415D846A75}.Release|Any CPU.ActiveCfg = Release|Any CPU
		{4D69ABFD-2682-47E9-93B1-DD415D846A75}.Release|Any CPU.Build.0 = Release|Any CPU
		{DCFA87E3-65FC-414E-952B-2EE3E82F7622}.Debug|Any CPU.ActiveCfg = Debug|Any CPU
		{DCFA87E3-65FC-414E-952B-2EE3E82F7622}.Debug|Any CPU.Build.0 = Debug|Any CPU
		{DCFA87E3-65FC-414E-952B-2EE3E82F7622}.Release|Any CPU.ActiveCfg = Release|Any CPU
		{DCFA87E3-65FC-414E-952B-2EE3E82F7622}.Release|Any CPU.Build.0 = Release|Any CPU
	EndGlobalSection
	GlobalSection(SolutionProperties) = preSolution
		HideSolutionNode = FALSE
	EndGlobalSection
	GlobalSection(ExtensibilityGlobals) = postSolution
		SolutionGuid = {C464A9F8-7AC7-453A-BACF-D7A328FBAB8A}
	EndGlobalSection
EndGlobal
